{
  "requires": true,
  "lockfileVersion": 1,
  "dependencies": {
    "@feathersjs/commons": {
      "version": "1.4.1",
      "resolved": "https://registry.npmjs.org/@feathersjs/commons/-/commons-1.4.1.tgz",
      "integrity": "sha512-hs3Tz0JV/nwd14B9s+mv4SG+Tll9pDxqEn2wuc5CzL4I2vc1+EnwnhpOkokvQMTAdzsaxwOLoQ4y1BPm6WmMNA=="
    },
    "@feathersjs/errors": {
      "version": "3.3.0",
      "resolved": "https://registry.npmjs.org/@feathersjs/errors/-/errors-3.3.0.tgz",
      "integrity": "sha512-9oYAhAj4CKIix5KITRDEzvyNJNIaqNde5lGqmrQLw4pTuyWMvx9tgBhtXPA0l8lS1KnMKw4Qf1gHo6aKrM+OyQ==",
      "requires": {
        "debug": "^3.1.0"
      }
    },
    "debug": {
      "version": "3.1.0",
      "resolved": "https://registry.npmjs.org/debug/-/debug-3.1.0.tgz",
      "integrity": "sha512-OX8XqP7/1a9cqkxYw2yXss15f26NKWBpDXQd0/uK/KPqdQhxbPa994hnzjcE2VqQpDslf55723cKPUOGSmMY3g==",
      "requires": {
        "ms": "2.0.0"
      }
    },
    "feathers-mongoose": {
      "version": "6.1.1",
      "resolved": "https://registry.npmjs.org/feathers-mongoose/-/feathers-mongoose-6.1.1.tgz",
      "integrity": "sha512-m35hSzEF62M7/a6Qk8TmPHdFkAUqp7RnHirgiSFPXUbs4e9iq7unl1NBtudr7MqoVCMY49nIUhJasaEtJFB/NA==",
      "requires": {
        "@feathersjs/commons": "^1.3.0",
        "@feathersjs/errors": "^3.2.0",
        "lodash.omit": "^4.3.0",
        "uberproto": "^1.2.0"
      }
    },
    "lodash.omit": {
      "version": "4.5.0",
      "resolved": "https://registry.npmjs.org/lodash.omit/-/lodash.omit-4.5.0.tgz",
      "integrity": "sha1-brGa5aHuHdnfC5aeZs4Lf6MLXmA="
    },
    "ms": {
      "version": "2.0.0",
      "resolved": "https://registry.npmjs.org/ms/-/ms-2.0.0.tgz",
      "integrity": "sha1-VgiurfwAvmwpAd9fmGF4jeDVl8g="
    },
    "uberproto": {
      "version": "1.2.0",
      "resolved": "https://registry.npmjs.org/uberproto/-/uberproto-1.2.0.tgz",
      "integrity": "sha1-YdTqsCT5CcTm6lK+hnxIlKS+63Y="
    }
  }
}
